
Microsoft Visual Studio Solution File, Format Version 12.00
# Visual Studio Version 17
VisualStudioVersion = 17.9.34728.123
MinimumVisualStudioVersion = 10.0.40219.1
Project("{FAE04EC0-301F-11D3-BF4B-00C04F79EFBC}") = "DataAccess", "DataAccess\DataAccess.csproj", "{81E40E6D-3FF8-41ED-9A12-34309F88F5F7}"
EndProject
Project("{FAE04EC0-301F-11D3-BF4B-00C04F79EFBC}") = "API", "API\API.csproj", "{F62DDF92-2533-4AD2-9B04-E5FC316B74A0}"
EndProject
Global
	GlobalSection(SolutionConfigurationPlatforms) = preSolution
		Debug|Any CPU = Debug|Any CPU
		Release|Any CPU = Release|Any CPU
	EndGlobalSection
	GlobalSection(ProjectConfigurationPlatforms) = postSolution
		{81E40E6D-3FF8-41ED-9A12-34309F88F5F7}.Debug|Any CPU.ActiveCfg = Debug|Any CPU
		{81E40E6D-3FF8-41ED-9A12-34309F88F5F7}.Debug|Any CPU.Build.0 = Debug|Any CPU
		{81E40E6D-3FF8-41ED-9A12-34309F88F5F7}.Release|Any CPU.ActiveCfg = Release|Any CPU
		{81E40E6D-3FF8-41ED-9A12-34309F88F5F7}.Release|Any CPU.Build.0 = Release|Any CPU
		{F62DDF92-2533-4AD2-9B04-E5FC316B74A0}.Debug|Any CPU.ActiveCfg = Debug|Any CPU
		{F62DDF92-2533-4AD2-9B04-E5FC316B74A0}.Debug|Any CPU.Build.0 = Debug|Any CPU
		{F62DDF92-2533-4AD2-9B04-E5FC316B74A0}.Release|Any CPU.ActiveCfg = Release|Any CPU
		{F62DDF92-2533-4AD2-9B04-E5FC316B74A0}.Release|Any CPU.Build.0 = Release|Any CPU
	EndGlobalSection
	GlobalSection(SolutionProperties) = preSolution
		HideSolutionNode = FALSE
	EndGlobalSection
	GlobalSection(ExtensibilityGlobals) = postSolution
		SolutionGuid = {BF63A8CD-827F-4C75-B026-086DCA79C696}
	EndGlobalSection
EndGlobal
